
Microsoft Visual Studio Solution File, Format Version 12.00
# Visual Studio Version 17
VisualStudioVersion = 17.7.34024.191
MinimumVisualStudioVersion = 10.0.40219.1
Project("{FAE04EC0-301F-11D3-BF4B-00C04F79EFBC}") = "ICS_Lab_3", "ICS_Lab_3.csproj", "{53E1CC63-E11D-4309-B6B3-ABA00F46105E}"
EndProject
Global
	GlobalSection(SolutionConfigurationPlatforms) = preSolution
		Debug|Any CPU = Debug|Any CPU
		Release|Any CPU = Release|Any CPU
	EndGlobalSection
	GlobalSection(ProjectConfigurationPlatforms) = postSolution
		{53E1CC63-E11D-4309-B6B3-ABA00F46105E}.Debug|Any CPU.ActiveCfg = Debug|Any CPU
		{53E1CC63-E11D-4309-B6B3-ABA00F46105E}.Debug|Any CPU.Build.0 = Debug|Any CPU
		{53E1CC63-E11D-4309-B6B3-ABA00F46105E}.Release|Any CPU.ActiveCfg = Release|Any CPU
		{53E1CC63-E11D-4309-B6B3-ABA00F46105E}.Release|Any CPU.Build.0 = Release|Any CPU
	EndGlobalSection
	GlobalSection(SolutionProperties) = preSolution
		HideSolutionNode = FALSE
	EndGlobalSection
	GlobalSection(ExtensibilityGlobals) = postSolution
		SolutionGuid = {2F368217-DD3D-4576-8F25-A209AD5540A4}
	EndGlobalSection
EndGlobal
